Microsoft Visual Studio Solution File, Format Version 12.00
# Visual Studio Version 17
VisualStudioVersion = 17.5.2.0
MinimumVisualStudioVersion = 10.0.40219.1
Project("{FAE04EC0-301F-11D3-BF4B-00C04F79EFBC}") = "QueenPix", "QueenPix.csproj", "{B1EBD672-DD5B-2D98-EA5F-D98C74C670B9}"
EndProject
Global
	GlobalSection(SolutionConfigurationPlatforms) = preSolution
		Debug|Any CPU = Debug|Any CPU
		Release|Any CPU = Release|Any CPU
	EndGlobalSection
	GlobalSection(ProjectConfigurationPlatforms) = postSolution
		{B1EBD672-DD5B-2D98-EA5F-D98C74C670B9}.Debug|Any CPU.ActiveCfg = Debug|Any CPU
		{B1EBD672-DD5B-2D98-EA5F-D98C74C670B9}.Debug|Any CPU.Build.0 = Debug|Any CPU
		{B1EBD672-DD5B-2D98-EA5F-D98C74C670B9}.Release|Any CPU.ActiveCfg = Release|Any CPU
		{B1EBD672-DD5B-2D98-EA5F-D98C74C670B9}.Release|Any CPU.Build.0 = Release|Any CPU
	EndGlobalSection
	GlobalSection(SolutionProperties) = preSolution
		HideSolutionNode = FALSE
	EndGlobalSection
	GlobalSection(ExtensibilityGlobals) = postSolution
		SolutionGuid = {A168E563-7192-42E1-90E4-26757EF88C48}
	EndGlobalSection
EndGlobal
